
Microsoft Visual Studio Solution File, Format Version 12.00
# Visual Studio Version 17
VisualStudioVersion = 17.5.33516.290
MinimumVisualStudioVersion = 10.0.40219.1
Project("{FAE04EC0-301F-11D3-BF4B-00C04F79EFBC}") = "Konsola2", "Konsola2.csproj", "{0EC1149D-612E-440B-B954-4909FE838A60}"
EndProject
Global
	GlobalSection(SolutionConfigurationPlatforms) = preSolution
		Debug|Any CPU = Debug|Any CPU
		Release|Any CPU = Release|Any CPU
	EndGlobalSection
	GlobalSection(ProjectConfigurationPlatforms) = postSolution
		{0EC1149D-612E-440B-B954-4909FE838A60}.Debug|Any CPU.ActiveCfg = Debug|Any CPU
		{0EC1149D-612E-440B-B954-4909FE838A60}.Debug|Any CPU.Build.0 = Debug|Any CPU
		{0EC1149D-612E-440B-B954-4909FE838A60}.Release|Any CPU.ActiveCfg = Release|Any CPU
		{0EC1149D-612E-440B-B954-4909FE838A60}.Release|Any CPU.Build.0 = Release|Any CPU
	EndGlobalSection
	GlobalSection(SolutionProperties) = preSolution
		HideSolutionNode = FALSE
	EndGlobalSection
	GlobalSection(ExtensibilityGlobals) = postSolution
		SolutionGuid = {EC9A08CD-23BF-4B05-96EC-E142380274E3}
	EndGlobalSection
EndGlobal
